
Microsoft Visual Studio Solution File, Format Version 12.00
# Visual Studio Version 16
VisualStudioVersion = 16.0.31019.35
MinimumVisualStudioVersion = 10.0.40219.1
Project("{FAE04EC0-301F-11D3-BF4B-00C04F79EFBC}") = "dyn-dns", "dyn-dns.csproj", "{543CB29B-FA72-4799-9B0B-CCBAFFE28152}"
EndProject
Global
	GlobalSection(SolutionConfigurationPlatforms) = preSolution
		Debug|Any CPU = Debug|Any CPU
		Release|Any CPU = Release|Any CPU
	EndGlobalSection
	GlobalSection(ProjectConfigurationPlatforms) = postSolution
		{543CB29B-FA72-4799-9B0B-CCBAFFE28152}.Debug|Any CPU.ActiveCfg = Debug|Any CPU
		{543CB29B-FA72-4799-9B0B-CCBAFFE28152}.Debug|Any CPU.Build.0 = Debug|Any CPU
		{543CB29B-FA72-4799-9B0B-CCBAFFE28152}.Release|Any CPU.ActiveCfg = Release|Any CPU
		{543CB29B-FA72-4799-9B0B-CCBAFFE28152}.Release|Any CPU.Build.0 = Release|Any CPU
	EndGlobalSection
	GlobalSection(SolutionProperties) = preSolution
		HideSolutionNode = FALSE
	EndGlobalSection
	GlobalSection(ExtensibilityGlobals) = postSolution
		SolutionGuid = {D339CE93-58D5-4903-B73D-6443B9880108}
	EndGlobalSection
EndGlobal
